Microsoft Visual Studio Solution File, Format Version 12.00
# Visual Studio Version 17
VisualStudioVersion = 17.5.2.0
MinimumVisualStudioVersion = 10.0.40219.1
Project("{FAE04EC0-301F-11D3-BF4B-00C04F79EFBC}") = "C#sd-webui_monitor_new", "C#sd-webui_monitor_new.csproj", "{F1A45473-5070-C7B6-0842-643FF404E034}"
EndProject
Global
	GlobalSection(SolutionConfigurationPlatforms) = preSolution
		Debug|Any CPU = Debug|Any CPU
		Release|Any CPU = Release|Any CPU
	EndGlobalSection
	GlobalSection(ProjectConfigurationPlatforms) = postSolution
		{F1A45473-5070-C7B6-0842-643FF404E034}.Debug|Any CPU.ActiveCfg = Debug|Any CPU
		{F1A45473-5070-C7B6-0842-643FF404E034}.Debug|Any CPU.Build.0 = Debug|Any CPU
		{F1A45473-5070-C7B6-0842-643FF404E034}.Release|Any CPU.ActiveCfg = Release|Any CPU
		{F1A45473-5070-C7B6-0842-643FF404E034}.Release|Any CPU.Build.0 = Release|Any CPU
	EndGlobalSection
	GlobalSection(SolutionProperties) = preSolution
		HideSolutionNode = FALSE
	EndGlobalSection
	GlobalSection(ExtensibilityGlobals) = postSolution
		SolutionGuid = {A3F654F3-43C2-4AA7-94D8-79DF4DA046DD}
	EndGlobalSection
EndGlobal
